
Microsoft Visual Studio Solution File, Format Version 12.00
# Visual Studio Version 17
VisualStudioVersion = 17.10.35027.167
MinimumVisualStudioVersion = 10.0.40219.1
Project("{FAE04EC0-301F-11D3-BF4B-00C04F79EFBC}") = "Octopus", "Octopus.csproj", "{81180CB7-4E8C-4A37-AB81-E0A4D37B4638}"
EndProject
Global
	GlobalSection(SolutionConfigurationPlatforms) = preSolution
		Debug|Any CPU = Debug|Any CPU
		Release|Any CPU = Release|Any CPU
	EndGlobalSection
	GlobalSection(ProjectConfigurationPlatforms) = postSolution
		{81180CB7-4E8C-4A37-AB81-E0A4D37B4638}.Debug|Any CPU.ActiveCfg = Debug|Any CPU
		{81180CB7-4E8C-4A37-AB81-E0A4D37B4638}.Debug|Any CPU.Build.0 = Debug|Any CPU
		{81180CB7-4E8C-4A37-AB81-E0A4D37B4638}.Release|Any CPU.ActiveCfg = Release|Any CPU
		{81180CB7-4E8C-4A37-AB81-E0A4D37B4638}.Release|Any CPU.Build.0 = Release|Any CPU
	EndGlobalSection
	GlobalSection(SolutionProperties) = preSolution
		HideSolutionNode = FALSE
	EndGlobalSection
	GlobalSection(ExtensibilityGlobals) = postSolution
		SolutionGuid = {E58C5C7C-62D9-466C-B8D7-BF215916E316}
	EndGlobalSection
EndGlobal
